// !$*UTF8*$!
{
	archiveVersion = 1;
	classes = {
	};
	objectVersion = 46;
	objects = {

/* Begin PBXBuildFile section */
		1BB2BE89ADD34A5DE053639E /* Pods_CodemashTestingDemo.framework in Frameworks */ = {isa = PBXBuildFile; fileRef = D9F03F047956F944742E37A9 /* Pods_CodemashTestingDemo.framework */; };
		26A5DDF0207F00EBB9F13C07 /* Pods_CodemashTestingDemoUITests.framework in Frameworks */ = {isa = PBXBuildFile; fileRef = 7EEA1A8919651ADB69ACAE91 /* Pods_CodemashTestingDemoUITests.framework */; };
		B0678E6450E8BD7F3F818A5C /* Pods_CodemashTestingDemoTests.framework in Frameworks */ = {isa = PBXBuildFile; fileRef = 6256C13C0280DA5B769F7555 /* Pods_CodemashTestingDemoTests.framework */; };
		C91574651E22AD4F00D1B294 /* TableDemoViewControllerTests.swift in Sources */ = {isa = PBXBuildFile; fileRef = C91574641E22AD4F00D1B294 /* TableDemoViewControllerTests.swift */; };
		C951193B1E16DDED0014C3EE /* AppDelegate.swift in Sources */ = {isa = PBXBuildFile; fileRef = C951193A1E16DDED0014C3EE /* AppDelegate.swift */; };
		C951193D1E16DDED0014C3EE /* ViewController.swift in Sources */ = {isa = PBXBuildFile; fileRef = C951193C1E16DDED0014C3EE /* ViewController.swift */; };
		C95119401E16DDED0014C3EE /* Main.storyboard in Resources */ = {isa = PBXBuildFile; fileRef = C951193E1E16DDED0014C3EE /* Main.storyboard */; };
		C95119421E16DDED0014C3EE /* Assets.xcassets in Resources */ = {isa = PBXBuildFile; fileRef = C95119411E16DDED0014C3EE /* Assets.xcassets */; };
		C95119451E16DDED0014C3EE /* LaunchScreen.storyboard in Resources */ = {isa = PBXBuildFile; fileRef = C95119431E16DDED0014C3EE /* LaunchScreen.storyboard */; };
		C95119501E16DDED0014C3EE /* CodemashTestingDemoTests.swift in Sources */ = {isa = PBXBuildFile; fileRef = C951194F1E16DDED0014C3EE /* CodemashTestingDemoTests.swift */; };
		C951195B1E16DDED0014C3EE /* CodemashTestingDemoUITests.swift in Sources */ = {isa = PBXBuildFile; fileRef = C951195A1E16DDED0014C3EE /* CodemashTestingDemoUITests.swift */; };
		C951196A1E16DE6F0014C3EE /* SimpleAdder.swift in Sources */ = {isa = PBXBuildFile; fileRef = C95119691E16DE6F0014C3EE /* SimpleAdder.swift */; };
		C951196C1E16DEF50014C3EE /* SimpleAdderTests.swift in Sources */ = {isa = PBXBuildFile; fileRef = C951196B1E16DEF50014C3EE /* SimpleAdderTests.swift */; };
		C951196F1E16DFA10014C3EE /* NetworkAdder.swift in Sources */ = {isa = PBXBuildFile; fileRef = C951196E1E16DFA10014C3EE /* NetworkAdder.swift */; };
		C95119711E16E1C10014C3EE /* NetworkAdderTests.swift in Sources */ = {isa = PBXBuildFile; fileRef = C95119701E16E1C10014C3EE /* NetworkAdderTests.swift */; };
		C95119731E16E9B70014C3EE /* GreetingViewController.swift in Sources */ = {isa = PBXBuildFile; fileRef = C95119721E16E9B70014C3EE /* GreetingViewController.swift */; };
		C95119751E16ECDE0014C3EE /* GreetingViewControllerTests.swift in Sources */ = {isa = PBXBuildFile; fileRef = C95119741E16ECDE0014C3EE /* GreetingViewControllerTests.swift */; };
		C95119771E19BE800014C3EE /* TableDemoViewController.swift in Sources */ = {isa = PBXBuildFile; fileRef = C95119761E19BE800014C3EE /* TableDemoViewController.swift */; };
		C9695BD81E22B6CE008C9AD7 /* QuickSimpleAdderTests.swift in Sources */ = {isa = PBXBuildFile; fileRef = C9695BD71E22B6CE008C9AD7 /* QuickSimpleAdderTests.swift */; };
		C9695BDA1E22B9D5008C9AD7 /* QuickNetworkAdderTests.swift in Sources */ = {isa = PBXBuildFile; fileRef = C9695BD91E22B9D5008C9AD7 /* QuickNetworkAdderTests.swift */; };
		C9695BDC1E22C03D008C9AD7 /* BaseUITest.swift in Sources */ = {isa = PBXBuildFile; fileRef = C9695BDB1E22C03D008C9AD7 /* BaseUITest.swift */; };
/* End PBXBuildFile section */

/* Begin PBXContainerItemProxy section */
		C951194C1E16DDED0014C3EE /* PBXContainerItemProxy */ = {
			isa = PBXContainerItemProxy;
			containerPortal = C951192F1E16DDED0014C3EE /* Project object */;
			proxyType = 1;
			remoteGlobalIDString = C95119361E16DDED0014C3EE;
			remoteInfo = CodemashTestingDemo;
		};
		C95119571E16DDED0014C3EE /* PBXContainerItemProxy */ = {
			isa = PBXContainerItemProxy;
			containerPortal = C951192F1E16DDED0014C3EE /* Project object */;
			proxyType = 1;
			remoteGlobalIDString = C95119361E16DDED0014C3EE;
			remoteInfo = CodemashTestingDemo;
		};
/* End PBXContainerItemProxy section */

/* Begin PBXFileReference section */
		4FA710EBE9E8584CA327D19A /* Pods-CodemashTestingDemo.debug.xcconfig */ = {isa = PBXFileReference; includeInIndex = 1; lastKnownFileType = text.xcconfig; name = "Pods-CodemashTestingDemo.debug.xcconfig"; path = "Pods/Target Support Files/Pods-CodemashTestingDemo/Pods-CodemashTestingDemo.debug.xcconfig"; sourceTree = "<group>"; };
		5F5070CD70645E051964A071 /* Pods-CodemashTestingDemoTests.debug.xcconfig */ = {isa = PBXFileReference; includeInIndex = 1; lastKnownFileType = text.xcconfig; name = "Pods-CodemashTestingDemoTests.debug.xcconfig"; path = "Pods/Target Support Files/Pods-CodemashTestingDemoTests/Pods-CodemashTestingDemoTests.debug.xcconfig"; sourceTree = "<group>"; };
		6256C13C0280DA5B769F7555 /* Pods_CodemashTestingDemoTests.framework */ = {isa = PBXFileReference; explicitFileType = wrapper.framework; includeInIndex = 0; path = Pods_CodemashTestingDemoTests.framework; sourceTree = BUILT_PRODUCTS_DIR; };
		79170157130DD2F8129A8443 /* Pods-CodemashTestingDemoUITests.debug.xcconfig */ = {isa = PBXFileReference; includeInIndex = 1; lastKnownFileType = text.xcconfig; name = "Pods-CodemashTestingDemoUITests.debug.xcconfig"; path = "Pods/Target Support Files/Pods-CodemashTestingDemoUITests/Pods-CodemashTestingDemoUITests.debug.xcconfig"; sourceTree = "<group>"; };
		7EEA1A8919651ADB69ACAE91 /* Pods_CodemashTestingDemoUITests.framework */ = {isa = PBXFileReference; explicitFileType = wrapper.framework; includeInIndex = 0; path = Pods_CodemashTestingDemoUITests.framework; sourceTree = BUILT_PRODUCTS_DIR; };
		C91574641E22AD4F00D1B294 /* TableDemoViewControllerTests.swift */ = {isa = PBXFileReference; fileEncoding = 4; lastKnownFileType = sourcecode.swift; path = TableDemoViewControllerTests.swift; sourceTree = "<group>"; };
		C95119371E16DDED0014C3EE /* CodemashTestingDemo.app */ = {isa = PBXFileReference; explicitFileType = wrapper.application; includeInIndex = 0; path = CodemashTestingDemo.app; sourceTree = BUILT_PRODUCTS_DIR; };
		C951193A1E16DDED0014C3EE /* AppDelegate.swift */ = {isa = PBXFileReference; lastKnownFileType = sourcecode.swift; path = AppDelegate.swift; sourceTree = "<group>"; };
		C951193C1E16DDED0014C3EE /* ViewController.swift */ = {isa = PBXFileReference; lastKnownFileType = sourcecode.swift; path = ViewController.swift; sourceTree = "<group>"; };
		C951193F1E16DDED0014C3EE /* Base */ = {isa = PBXFileReference; lastKnownFileType = file.storyboard; name = Base; path = Base.lproj/Main.storyboard; sourceTree = "<group>"; };
		C95119411E16DDED0014C3EE /* Assets.xcassets */ = {isa = PBXFileReference; lastKnownFileType = folder.assetcatalog; path = Assets.xcassets; sourceTree = "<group>"; };
		C95119441E16DDED0014C3EE /* Base */ = {isa = PBXFileReference; lastKnownFileType = file.storyboard; name = Base; path = Base.lproj/LaunchScreen.storyboard; sourceTree = "<group>"; };
		C95119461E16DDED0014C3EE /* Info.plist */ = {isa = PBXFileReference; lastKnownFileType = text.plist.xml; path = Info.plist; sourceTree = "<group>"; };
		C951194B1E16DDED0014C3EE /* CodemashTestingDemoTests.xctest */ = {isa = PBXFileReference; explicitFileType = wrapper.cfbundle; includeInIndex = 0; path = CodemashTestingDemoTests.xctest; sourceTree = BUILT_PRODUCTS_DIR; };
		C951194F1E16DDED0014C3EE /* CodemashTestingDemoTests.swift */ = {isa = PBXFileReference; lastKnownFileType = sourcecode.swift; path = CodemashTestingDemoTests.swift; sourceTree = "<group>"; };
		C95119511E16DDED0014C3EE /* Info.plist */ = {isa = PBXFileReference; lastKnownFileType = text.plist.xml; path = Info.plist; sourceTree = "<group>"; };
		C95119561E16DDED0014C3EE /* CodemashTestingDemoUITests.xctest */ = {isa = PBXFileReference; explicitFileType = wrapper.cfbundle; includeInIndex = 0; path = CodemashTestingDemoUITests.xctest; sourceTree = BUILT_PRODUCTS_DIR; };
		C951195A1E16DDED0014C3EE /* CodemashTestingDemoUITests.swift */ = {isa = PBXFileReference; lastKnownFileType = sourcecode.swift; path = CodemashTestingDemoUITests.swift; sourceTree = "<group>"; };
		C951195C1E16DDED0014C3EE /* Info.plist */ = {isa = PBXFileReference; lastKnownFileType = text.plist.xml; path = Info.plist; sourceTree = "<group>"; };
		C95119691E16DE6F0014C3EE /* SimpleAdder.swift */ = {isa = PBXFileReference; fileEncoding = 4; lastKnownFileType = sourcecode.swift; path = SimpleAdder.swift; sourceTree = "<group>"; };
		C951196B1E16DEF50014C3EE /* SimpleAdderTests.swift */ = {isa = PBXFileReference; fileEncoding = 4; lastKnownFileType = sourcecode.swift; path = SimpleAdderTests.swift; sourceTree = "<group>"; };
		C951196E1E16DFA10014C3EE /* NetworkAdder.swift */ = {isa = PBXFileReference; fileEncoding = 4; lastKnownFileType = sourcecode.swift; path = NetworkAdder.swift; sourceTree = "<group>"; };
		C95119701E16E1C10014C3EE /* NetworkAdderTests.swift */ = {isa = PBXFileReference; fileEncoding = 4; lastKnownFileType = sourcecode.swift; path = NetworkAdderTests.swift; sourceTree = "<group>"; };
		C95119721E16E9B70014C3EE /* GreetingViewController.swift */ = {isa = PBXFileReference; fileEncoding = 4; lastKnownFileType = sourcecode.swift; path = GreetingViewController.swift; sourceTree = "<group>"; };
		C95119741E16ECDE0014C3EE /* GreetingViewControllerTests.swift */ = {isa = PBXFileReference; fileEncoding = 4; lastKnownFileType = sourcecode.swift; path = GreetingViewControllerTests.swift; sourceTree = "<group>"; };
		C95119761E19BE800014C3EE /* TableDemoViewController.swift */ = {isa = PBXFileReference; fileEncoding = 4; lastKnownFileType = sourcecode.swift; path = TableDemoViewController.swift; sourceTree = "<group>"; };
		C9695BD71E22B6CE008C9AD7 /* QuickSimpleAdderTests.swift */ = {isa = PBXFileReference; fileEncoding = 4; lastKnownFileType = sourcecode.swift; path = QuickSimpleAdderTests.swift; sourceTree = "<group>"; };
		C9695BD91E22B9D5008C9AD7 /* QuickNetworkAdderTests.swift */ = {isa = PBXFileReference; fileEncoding = 4; lastKnownFileType = sourcecode.swift; path = QuickNetworkAdderTests.swift; sourceTree = "<group>"; };
		C9695BDB1E22C03D008C9AD7 /* BaseUITest.swift */ = {isa = PBXFileReference; fileEncoding = 4; lastKnownFileType = sourcecode.swift; path = BaseUITest.swift; sourceTree = "<group>"; };
		D1BD1569852B295E84924194 /* Pods-CodemashTestingDemoUITests.release.xcconfig */ = {isa = PBXFileReference; includeInIndex = 1; lastKnownFileType = text.xcconfig; name = "Pods-CodemashTestingDemoUITests.release.xcconfig"; path = "Pods/Target Support Files/Pods-CodemashTestingDemoUITests/Pods-CodemashTestingDemoUITests.release.xcconfig"; sourceTree = "<group>"; };
		D9F03F047956F944742E37A9 /* Pods_CodemashTestingDemo.framework */ = {isa = PBXFileReference; explicitFileType = wrapper.framework; includeInIndex = 0; path = Pods_CodemashTestingDemo.framework; sourceTree = BUILT_PRODUCTS_DIR; };
		E1A8C5CCB43E79E503B9FA31 /* Pods-CodemashTestingDemo.release.xcconfig */ = {isa = PBXFileReference; includeInIndex = 1; lastKnownFileType = text.xcconfig; name = "Pods-CodemashTestingDemo.release.xcconfig"; path = "Pods/Target Support Files/Pods-CodemashTestingDemo/Pods-CodemashTestingDemo.release.xcconfig"; sourceTree = "<group>"; };
		EB36DEDA1F0CC650E051094E /* Pods-CodemashTestingDemoTests.release.xcconfig */ = {isa = PBXFileReference; includeInIndex = 1; lastKnownFileType = text.xcconfig; name = "Pods-CodemashTestingDemoTests.release.xcconfig"; path = "Pods/Target Support Files/Pods-CodemashTestingDemoTests/Pods-CodemashTestingDemoTests.release.xcconfig"; sourceTree = "<group>"; };
/* End PBXFileReference section */

/* Begin PBXFrameworksBuildPhase section */
		C95119341E16DDED0014C3EE /* Frameworks */ = {
			isa = PBXFrameworksBuildPhase;
			buildActionMask = 2147483647;
			files = (
				1BB2BE89ADD34A5DE053639E /* Pods_CodemashTestingDemo.framework in Frameworks */,
			);
			runOnlyForDeploymentPostprocessing = 0;
		};
		C95119481E16DDED0014C3EE /* Frameworks */ = {
			isa = PBXFrameworksBuildPhase;
			buildActionMask = 2147483647;
			files = (
				B0678E6450E8BD7F3F818A5C /* Pods_CodemashTestingDemoTests.framework in Frameworks */,
			);
			runOnlyForDeploymentPostprocessing = 0;
		};
		C95119531E16DDED0014C3EE /* Frameworks */ = {
			isa = PBXFrameworksBuildPhase;
			buildActionMask = 2147483647;
			files = (
				26A5DDF0207F00EBB9F13C07 /* Pods_CodemashTestingDemoUITests.framework in Frameworks */,
			);
			runOnlyForDeploymentPostprocessing = 0;
		};
/* End PBXFrameworksBuildPhase section */

/* Begin PBXGroup section */
		0B858034BCDEB31AA9565009 /* Pods */ = {
			isa = PBXGroup;
			children = (
				4FA710EBE9E8584CA327D19A /* Pods-CodemashTestingDemo.debug.xcconfig */,
				E1A8C5CCB43E79E503B9FA31 /* Pods-CodemashTestingDemo.release.xcconfig */,
				5F5070CD70645E051964A071 /* Pods-CodemashTestingDemoTests.debug.xcconfig */,
				EB36DEDA1F0CC650E051094E /* Pods-CodemashTestingDemoTests.release.xcconfig */,
				79170157130DD2F8129A8443 /* Pods-CodemashTestingDemoUITests.debug.xcconfig */,
				D1BD1569852B295E84924194 /* Pods-CodemashTestingDemoUITests.release.xcconfig */,
			);
			name = Pods;
			sourceTree = "<group>";
		};
		4DE020BA091A7FEC988394BD /* Frameworks */ = {
			isa = PBXGroup;
			children = (
				D9F03F047956F944742E37A9 /* Pods_CodemashTestingDemo.framework */,
				6256C13C0280DA5B769F7555 /* Pods_CodemashTestingDemoTests.framework */,
				7EEA1A8919651ADB69ACAE91 /* Pods_CodemashTestingDemoUITests.framework */,
			);
			name = Frameworks;
			sourceTree = "<group>";
		};
		C951192E1E16DDED0014C3EE = {
			isa = PBXGroup;
			children = (
				C95119391E16DDED0014C3EE /* CodemashTestingDemo */,
				C951194E1E16DDED0014C3EE /* CodemashTestingDemoTests */,
				C95119591E16DDED0014C3EE /* CodemashTestingDemoUITests */,
				C95119381E16DDED0014C3EE /* Products */,
				0B858034BCDEB31AA9565009 /* Pods */,
				4DE020BA091A7FEC988394BD /* Frameworks */,
			);
			sourceTree = "<group>";
		};
		C95119381E16DDED0014C3EE /* Products */ = {
			isa = PBXGroup;
			children = (
				C95119371E16DDED0014C3EE /* CodemashTestingDemo.app */,
				C951194B1E16DDED0014C3EE /* CodemashTestingDemoTests.xctest */,
				C95119561E16DDED0014C3EE /* CodemashTestingDemoUITests.xctest */,
			);
			name = Products;
			sourceTree = "<group>";
		};
		C95119391E16DDED0014C3EE /* CodemashTestingDemo */ = {
			isa = PBXGroup;
			children = (
				C95119681E16DE160014C3EE /* Demos */,
				C951193A1E16DDED0014C3EE /* AppDelegate.swift */,
				C951193C1E16DDED0014C3EE /* ViewController.swift */,
				C951193E1E16DDED0014C3EE /* Main.storyboard */,
				C95119411E16DDED0014C3EE /* Assets.xcassets */,
				C95119431E16DDED0014C3EE /* LaunchScreen.storyboard */,
				C95119461E16DDED0014C3EE /* Info.plist */,
			);
			path = CodemashTestingDemo;
			sourceTree = "<group>";
		};
		C951194E1E16DDED0014C3EE /* CodemashTestingDemoTests */ = {
			isa = PBXGroup;
			children = (
				C951196D1E16DF880014C3EE /* Demos */,
				C951194F1E16DDED0014C3EE /* CodemashTestingDemoTests.swift */,
				C95119511E16DDED0014C3EE /* Info.plist */,
			);
			path = CodemashTestingDemoTests;
			sourceTree = "<group>";
		};
		C95119591E16DDED0014C3EE /* CodemashTestingDemoUITests */ = {
			isa = PBXGroup;
			children = (
				C951195A1E16DDED0014C3EE /* CodemashTestingDemoUITests.swift */,
				C951195C1E16DDED0014C3EE /* Info.plist */,
				C9695BDB1E22C03D008C9AD7 /* BaseUITest.swift */,
			);
			path = CodemashTestingDemoUITests;
			sourceTree = "<group>";
		};
		C95119681E16DE160014C3EE /* Demos */ = {
			isa = PBXGroup;
			children = (
				C95119691E16DE6F0014C3EE /* SimpleAdder.swift */,
				C951196E1E16DFA10014C3EE /* NetworkAdder.swift */,
				C95119721E16E9B70014C3EE /* GreetingViewController.swift */,
				C95119761E19BE800014C3EE /* TableDemoViewController.swift */,
			);
			name = Demos;
			sourceTree = "<group>";
		};
		C951196D1E16DF880014C3EE /* Demos */ = {
			isa = PBXGroup;
			children = (
				C9695BD61E22B6AB008C9AD7 /* XCTest */,
				C9695BD51E22B6A1008C9AD7 /* Quick */,
			);
			name = Demos;
			sourceTree = "<group>";
		};
		C9695BD51E22B6A1008C9AD7 /* Quick */ = {
			isa = PBXGroup;
			children = (
				C9695BD71E22B6CE008C9AD7 /* QuickSimpleAdderTests.swift */,
				C9695BD91E22B9D5008C9AD7 /* QuickNetworkAdderTests.swift */,
			);
			name = Quick;
			sourceTree = "<group>";
		};
		C9695BD61E22B6AB008C9AD7 /* XCTest */ = {
			isa = PBXGroup;
			children = (
				C951196B1E16DEF50014C3EE /* SimpleAdderTests.swift */,
				C95119701E16E1C10014C3EE /* NetworkAdderTests.swift */,
				C95119741E16ECDE0014C3EE /* GreetingViewControllerTests.swift */,
				C91574641E22AD4F00D1B294 /* TableDemoViewControllerTests.swift */,
			);
			name = XCTest;
			sourceTree = "<group>";
		};
/* End PBXGroup section */

/* Begin PBXNativeTarget section */
		C95119361E16DDED0014C3EE /* CodemashTestingDemo */ = {
			isa = PBXNativeTarget;
			buildConfigurationList = C951195F1E16DDED0014C3EE /* Build configuration list for PBXNativeTarget "CodemashTestingDemo" */;
			buildPhases = (
				C2A330C26DF466CA11557719 /* [CP] Check Pods Manifest.lock */,
				C95119331E16DDED0014C3EE /* Sources */,
				C95119341E16DDED0014C3EE /* Frameworks */,
				C95119351E16DDED0014C3EE /* Resources */,
				081A3AF99CC7725FADE10213 /* [CP] Embed Pods Frameworks */,
				C42C972E3F72E35372F0AC80 /* [CP] Copy Pods Resources */,
			);
			buildRules = (
			);
			dependencies = (
			);
			name = CodemashTestingDemo;
			productName = CodemashTestingDemo;
			productReference = C95119371E16DDED0014C3EE /* CodemashTestingDemo.app */;
			productType = "com.apple.product-type.application";
		};
		C951194A1E16DDED0014C3EE /* CodemashTestingDemoTests */ = {
			isa = PBXNativeTarget;
			buildConfigurationList = C95119621E16DDED0014C3EE /* Build configuration list for PBXNativeTarget "CodemashTestingDemoTests" */;
			buildPhases = (
				88E87AD6595477922FC229E0 /* [CP] Check Pods Manifest.lock */,
				C95119471E16DDED0014C3EE /* Sources */,
				C95119481E16DDED0014C3EE /* Frameworks */,
				C95119491E16DDED0014C3EE /* Resources */,
				44EC418545277844469303E5 /* [CP] Embed Pods Frameworks */,
				09C1D8B7CE433B6238B6E2B1 /* [CP] Copy Pods Resources */,
			);
			buildRules = (
			);
			dependencies = (
				C951194D1E16DDED0014C3EE /* PBXTargetDependency */,
			);
			name = CodemashTestingDemoTests;
			productName = CodemashTestingDemoTests;
			productReference = C951194B1E16DDED0014C3EE /* CodemashTestingDemoTests.xctest */;
			productType = "com.apple.product-type.bundle.unit-test";
		};
		C95119551E16DDED0014C3EE /* CodemashTestingDemoUITests */ = {
			isa = PBXNativeTarget;
			buildConfigurationList = C95119651E16DDED0014C3EE /* Build configuration list for PBXNativeTarget "CodemashTestingDemoUITests" */;
			buildPhases = (
				580749A0DEC9FB9996B12A8F /* [CP] Check Pods Manifest.lock */,
				C95119521E16DDED0014C3EE /* Sources */,
				C95119531E16DDED0014C3EE /* Frameworks */,
				C95119541E16DDED0014C3EE /* Resources */,
				C3EEF45F2C03CF32510F390A /* [CP] Embed Pods Frameworks */,
				C73ABF17E1112B730327F632 /* [CP] Copy Pods Resources */,
			);
			buildRules = (
			);
			dependencies = (
				C95119581E16DDED0014C3EE /* PBXTargetDependency */,
			);
			name = CodemashTestingDemoUITests;
			productName = CodemashTestingDemoUITests;
			productReference = C95119561E16DDED0014C3EE /* CodemashTestingDemoUITests.xctest */;
			productType = "com.apple.product-type.bundle.ui-testing";
		};
/* End PBXNativeTarget section */

/* Begin PBXProject section */
		C951192F1E16DDED0014C3EE /* Project object */ = {
			isa = PBXProject;
			attributes = {
				LastSwiftUpdateCheck = 0810;
				LastUpgradeCheck = 0810;
				ORGANIZATIONNAME = None;
				TargetAttributes = {
					C95119361E16DDED0014C3EE = {
						CreatedOnToolsVersion = 8.1;
						DevelopmentTeam = DTWR74ACYK;
						ProvisioningStyle = Manual;
					};
					C951194A1E16DDED0014C3EE = {
						CreatedOnToolsVersion = 8.1;
						DevelopmentTeam = 56596UD8Z8;
						ProvisioningStyle = Automatic;
						TestTargetID = C95119361E16DDED0014C3EE;
					};
					C95119551E16DDED0014C3EE = {
						CreatedOnToolsVersion = 8.1;
						DevelopmentTeam = 56596UD8Z8;
						ProvisioningStyle = Automatic;
						TestTargetID = C95119361E16DDED0014C3EE;
					};
				};
			};
			buildConfigurationList = C95119321E16DDED0014C3EE /* Build configuration list for PBXProject "CodemashTestingDemo" */;
			compatibilityVersion = "Xcode 3.2";
			developmentRegion = English;
			hasScannedForEncodings = 0;
			knownRegions = (
				en,
				Base,
			);
			mainGroup = C951192E1E16DDED0014C3EE;
			productRefGroup = C95119381E16DDED0014C3EE /* Products */;
			projectDirPath = "";
			projectRoot = "";
			targets = (
				C95119361E16DDED0014C3EE /* CodemashTestingDemo */,
				C951194A1E16DDED0014C3EE /* CodemashTestingDemoTests */,
				C95119551E16DDED0014C3EE /* CodemashTestingDemoUITests */,
			);
		};
/* End PBXProject section */

/* Begin PBXResourcesBuildPhase section */
		C95119351E16DDED0014C3EE /* Resources */ = {
			isa = PBXResourcesBuildPhase;
			buildActionMask = 2147483647;
			files = (
				C95119451E16DDED0014C3EE /* LaunchScreen.storyboard in Resources */,
				C95119421E16DDED0014C3EE /* Assets.xcassets in Resources */,
				C95119401E16DDED0014C3EE /* Main.storyboard in Resources */,
			);
			runOnlyForDeploymentPostprocessing = 0;
		};
		C95119491E16DDED0014C3EE /* Resources */ = {
			isa = PBXResourcesBuildPhase;
			buildActionMask = 2147483647;
			files = (
			);
			runOnlyForDeploymentPostprocessing = 0;
		};
		C95119541E16DDED0014C3EE /* Resources */ = {
			isa = PBXResourcesBuildPhase;
			buildActionMask = 2147483647;
			files = (
			);
			runOnlyForDeploymentPostprocessing = 0;
		};
/* End PBXResourcesBuildPhase section */

/* Begin PBXShellScriptBuildPhase section */
		081A3AF99CC7725FADE10213 /* [CP] Embed Pods Frameworks */ = {
			isa = PBXShellScriptBuildPhase;
			buildActionMask = 2147483647;
			files = (
			);
			inputPaths = (
			);
			name = "[CP] Embed Pods Frameworks";
			outputPaths = (
			);
			runOnlyForDeploymentPostprocessing = 0;
			shellPath = /bin/sh;
			shellScript = "\"${SRCROOT}/Pods/Target Support Files/Pods-CodemashTestingDemo/Pods-CodemashTestingDemo-frameworks.sh\"\n";
			showEnvVarsInLog = 0;
		};
		09C1D8B7CE433B6238B6E2B1 /* [CP] Copy Pods Resources */ = {
			isa = PBXShellScriptBuildPhase;
			buildActionMask = 2147483647;
			files = (
			);
			inputPaths = (
			);
			name = "[CP] Copy Pods Resources";
			outputPaths = (
			);
			runOnlyForDeploymentPostprocessing = 0;
			shellPath = /bin/sh;
			shellScript = "\"${SRCROOT}/Pods/Target Support Files/Pods-CodemashTestingDemoTests/Pods-CodemashTestingDemoTests-resources.sh\"\n";
			showEnvVarsInLog = 0;
		};
		44EC418545277844469303E5 /* [CP] Embed Pods Frameworks */ = {
			isa = PBXShellScriptBuildPhase;
			buildActionMask = 2147483647;
			files = (
			);
			inputPaths = (
			);
			name = "[CP] Embed Pods Frameworks";
			outputPaths = (
			);
			runOnlyForDeploymentPostprocessing = 0;
			shellPath = /bin/sh;
			shellScript = "\"${SRCROOT}/Pods/Target Support Files/Pods-CodemashTestingDemoTests/Pods-CodemashTestingDemoTests-frameworks.sh\"\n";
			showEnvVarsInLog = 0;
		};
		580749A0DEC9FB9996B12A8F /* [CP] Check Pods Manifest.lock */ = {
			isa = PBXShellScriptBuildPhase;
			buildActionMask = 2147483647;
			files = (
			);
			inputPaths = (
			);
			name = "[CP] Check Pods Manifest.lock";
			outputPaths = (
			);
			runOnlyForDeploymentPostprocessing = 0;
			shellPath = /bin/sh;
			shellScript = "diff \"${PODS_ROOT}/../Podfile.lock\" \"${PODS_ROOT}/Manifest.lock\" > /dev/null\nif [ $? != 0 ] ; then\n    # print error to STDERR\n    echo \"error: The sandbox is not in sync with the Podfile.lock. Run 'pod install' or update your CocoaPods installation.\" >&2\n    exit 1\nfi\n";
			showEnvVarsInLog = 0;
		};
		88E87AD6595477922FC229E0 /* [CP] Check Pods Manifest.lock */ = {
			isa = PBXShellScriptBuildPhase;
			buildActionMask = 2147483647;
			files = (
			);
			inputPaths = (
			);
			name = "[CP] Check Pods Manifest.lock";
			outputPaths = (
			);
			runOnlyForDeploymentPostprocessing = 0;
			shellPath = /bin/sh;
			shellScript = "diff \"${PODS_ROOT}/../Podfile.lock\" \"${PODS_ROOT}/Manifest.lock\" > /dev/null\nif [ $? != 0 ] ; then\n    # print error to STDERR\n    echo \"error: The sandbox is not in sync with the Podfile.lock. Run 'pod install' or update your CocoaPods installation.\" >&2\n    exit 1\nfi\n";
			showEnvVarsInLog = 0;
		};
		C2A330C26DF466CA11557719 /* [CP] Check Pods Manifest.lock */ = {
			isa = PBXShellScriptBuildPhase;
			buildActionMask = 2147483647;
			files = (
			);
			inputPaths = (
			);
			name = "[CP] Check Pods Manifest.lock";
			outputPaths = (
			);
			runOnlyForDeploymentPostprocessing = 0;
			shellPath = /bin/sh;
			shellScript = "diff \"${PODS_ROOT}/../Podfile.lock\" \"${PODS_ROOT}/Manifest.lock\" > /dev/null\nif [ $? != 0 ] ; then\n    # print error to STDERR\n    echo \"error: The sandbox is not in sync with the Podfile.lock. Run 'pod install' or update your CocoaPods installation.\" >&2\n    exit 1\nfi\n";
			showEnvVarsInLog = 0;
		};
		C3EEF45F2C03CF32510F390A /* [CP] Embed Pods Frameworks */ = {
			isa = PBXShellScriptBuildPhase;
			buildActionMask = 2147483647;
			files = (
			);
			inputPaths = (
			);
			name = "[CP] Embed Pods Frameworks";
			outputPaths = (
			);
			runOnlyForDeploymentPostprocessing = 0;
			shellPath = /bin/sh;
			shellScript = "\"${SRCROOT}/Pods/Target Support Files/Pods-CodemashTestingDemoUITests/Pods-CodemashTestingDemoUITests-frameworks.sh\"\n";
			showEnvVarsInLog = 0;
		};
		C42C972E3F72E35372F0AC80 /* [CP] Copy Pods Resources */ = {
			isa = PBXShellScriptBuildPhase;
			buildActionMask = 2147483647;
			files = (
			);
			inputPaths = (
			);
			name = "[CP] Copy Pods Resources";
			outputPaths = (
			);
			runOnlyForDeploymentPostprocessing = 0;
			shellPath = /bin/sh;
			shellScript = "\"${SRCROOT}/Pods/Target Support Files/Pods-CodemashTestingDemo/Pods-CodemashTestingDemo-resources.sh\"\n";
			showEnvVarsInLog = 0;
		};
		C73ABF17E1112B730327F632 /* [CP] Copy Pods Resources */ = {
			isa = PBXShellScriptBuildPhase;
			buildActionMask = 2147483647;
			files = (
			);
			inputPaths = (
			);
			name = "[CP] Copy Pods Resources";
			outputPaths = (
			);
			runOnlyForDeploymentPostprocessing = 0;
			shellPath = /bin/sh;
			shellScript = "\"${SRCROOT}/Pods/Target Support Files/Pods-CodemashTestingDemoUITests/Pods-CodemashTestingDemoUITests-resources.sh\"\n";
			showEnvVarsInLog = 0;
		};
/* End PBXShellScriptBuildPhase section */

/* Begin PBXSourcesBuildPhase section */
		C95119331E16DDED0014C3EE /* Sources */ = {
			isa = PBXSourcesBuildPhase;
			buildActionMask = 2147483647;
			files = (
				C95119771E19BE800014C3EE /* TableDemoViewController.swift in Sources */,
				C951196A1E16DE6F0014C3EE /* SimpleAdder.swift in Sources */,
				C951196F1E16DFA10014C3EE /* NetworkAdder.swift in Sources */,
				C951193D1E16DDED0014C3EE /* ViewController.swift in Sources */,
				C951193B1E16DDED0014C3EE /* AppDelegate.swift in Sources */,
				C95119731E16E9B70014C3EE /* GreetingViewController.swift in Sources */,
			);
			runOnlyForDeploymentPostprocessing = 0;
		};
		C95119471E16DDED0014C3EE /* Sources */ = {
			isa = PBXSourcesBuildPhase;
			buildActionMask = 2147483647;
			files = (
				C9695BD81E22B6CE008C9AD7 /* QuickSimpleAdderTests.swift in Sources */,
				C951196C1E16DEF50014C3EE /* SimpleAdderTests.swift in Sources */,
				C95119501E16DDED0014C3EE /* CodemashTestingDemoTests.swift in Sources */,
				C9695BDA1E22B9D5008C9AD7 /* QuickNetworkAdderTests.swift in Sources */,
				C91574651E22AD4F00D1B294 /* TableDemoViewControllerTests.swift in Sources */,
				C95119711E16E1C10014C3EE /* NetworkAdderTests.swift in Sources */,
				C95119751E16ECDE0014C3EE /* GreetingViewControllerTests.swift in Sources */,
			);
			runOnlyForDeploymentPostprocessing = 0;
		};
		C95119521E16DDED0014C3EE /* Sources */ = {
			isa = PBXSourcesBuildPhase;
			buildActionMask = 2147483647;
			files = (
				C9695BDC1E22C03D008C9AD7 /* BaseUITest.swift in Sources */,
				C951195B1E16DDED0014C3EE /* CodemashTestingDemoUITests.swift in Sources */,
			);
			runOnlyForDeploymentPostprocessing = 0;
		};
/* End PBXSourcesBuildPhase section */

/* Begin PBXTargetDependency section */
		C951194D1E16DDED0014C3EE /* PBXTargetDependency */ = {
			isa = PBXTargetDependency;
			target = C95119361E16DDED0014C3EE /* CodemashTestingDemo */;
			targetProxy = C951194C1E16DDED0014C3EE /* PBXContainerItemProxy */;
		};
		C95119581E16DDED0014C3EE /* PBXTargetDependency */ = {
			isa = PBXTargetDependency;
			target = C95119361E16DDED0014C3EE /* CodemashTestingDemo */;
			targetProxy = C95119571E16DDED0014C3EE /* PBXContainerItemProxy */;
		};
/* End PBXTargetDependency section */

/* Begin PBXVariantGroup section */
		C951193E1E16DDED0014C3EE /* Main.storyboard */ = {
			isa = PBXVariantGroup;
			children = (
				C951193F1E16DDED0014C3EE /* Base */,
			);
			name = Main.storyboard;
			sourceTree = "<group>";
		};
		C95119431E16DDED0014C3EE /* LaunchScreen.storyboard */ = {
			isa = PBXVariantGroup;
			children = (
				C95119441E16DDED0014C3EE /* Base */,
			);
			name = LaunchScreen.storyboard;
			sourceTree = "<group>";
		};
/* End PBXVariantGroup section */

/* Begin XCBuildConfiguration section */
		C951195D1E16DDED0014C3EE /* Debug */ = {
			isa = XCBuildConfiguration;
			buildSettings = {
				ALWAYS_SEARCH_USER_PATHS = NO;
				CLANG_ANALYZER_NONNULL = YES;
				CLANG_CXX_LANGUAGE_STANDARD = "gnu++0x";
				CLANG_CXX_LIBRARY = "libc++";
				CLANG_ENABLE_MODULES = YES;
				CLANG_ENABLE_OBJC_ARC = YES;
				CLANG_WARN_BOOL_CONVERSION = YES;
				CLANG_WARN_CONSTANT_CONVERSION = YES;
				CLANG_WARN_DIRECT_OBJC_ISA_USAGE = YES_ERROR;
				CLANG_WARN_DOCUMENTATION_COMMENTS = YES;
				CLANG_WARN_EMPTY_BODY = YES;
				CLANG_WARN_ENUM_CONVERSION = YES;
				CLANG_WARN_INFINITE_RECURSION = YES;
				CLANG_WARN_INT_CONVERSION = YES;
				CLANG_WARN_OBJC_ROOT_CLASS = YES_ERROR;
				CLANG_WARN_SUSPICIOUS_MOVES = YES;
				CLANG_WARN_UNREACHABLE_CODE = YES;
				CLANG_WARN__DUPLICATE_METHOD_MATCH = YES;
				CODE_SIGN_IDENTITY = "iPhone Developer";
				"CODE_SIGN_IDENTITY[sdk=iphoneos*]" = "iPhone Developer";
				COPY_PHASE_STRIP = NO;
				DEBUG_INFORMATION_FORMAT = dwarf;
				DEVELOPMENT_TEAM = DTWR74ACYK;
				ENABLE_STRICT_OBJC_MSGSEND = YES;
				ENABLE_TESTABILITY = YES;
				GCC_C_LANGUAGE_STANDARD = gnu99;
				GCC_DYNAMIC_NO_PIC = NO;
				GCC_NO_COMMON_BLOCKS = YES;
				GCC_OPTIMIZATION_LEVEL = 0;
				GCC_PREPROCESSOR_DEFINITIONS = (
					"DEBUG=1",
					"$(inherited)",
				);
				GCC_WARN_64_TO_32_BIT_CONVERSION = YES;
				GCC_WARN_ABOUT_RETURN_TYPE = YES_ERROR;
				GCC_WARN_UNDECLARED_SELECTOR = YES;
				GCC_WARN_UNINITIALIZED_AUTOS = YES_AGGRESSIVE;
				GCC_WARN_UNUSED_FUNCTION = YES;
				GCC_WARN_UNUSED_VARIABLE = YES;
				IPHONEOS_DEPLOYMENT_TARGET = 10.1;
				MTL_ENABLE_DEBUG_INFO = YES;
				ONLY_ACTIVE_ARCH = YES;
				SDKROOT = iphoneos;
				SWIFT_ACTIVE_COMPILATION_CONDITIONS = DEBUG;
				SWIFT_OPTIMIZATION_LEVEL = "-Onone";
			};
			name = Debug;
		};
		C951195E1E16DDED0014C3EE /* Release */ = {
			isa = XCBuildConfiguration;
			buildSettings = {
				ALWAYS_SEARCH_USER_PATHS = NO;
				CLANG_ANALYZER_NONNULL = YES;
				CLANG_CXX_LANGUAGE_STANDARD = "gnu++0x";
				CLANG_CXX_LIBRARY = "libc++";
				CLANG_ENABLE_MODULES = YES;
				CLANG_ENABLE_OBJC_ARC = YES;
				CLANG_WARN_BOOL_CONVERSION = YES;
				CLANG_WARN_CONSTANT_CONVERSION = YES;
				CLANG_WARN_DIRECT_OBJC_ISA_USAGE = YES_ERROR;
				CLANG_WARN_DOCUMENTATION_COMMENTS = YES;
				CLANG_WARN_EMPTY_BODY = YES;
				CLANG_WARN_ENUM_CONVERSION = YES;
				CLANG_WARN_INFINITE_RECURSION = YES;
				CLANG_WARN_INT_CONVERSION = YES;
				CLANG_WARN_OBJC_ROOT_CLASS = YES_ERROR;
				CLANG_WARN_SUSPICIOUS_MOVES = YES;
				CLANG_WARN_UNREACHABLE_CODE = YES;
				CLANG_WARN__DUPLICATE_METHOD_MATCH = YES;
				CODE_SIGN_IDENTITY = "iPhone Distribution: Matthew Nedrich (DTWR74ACYK)";
				"CODE_SIGN_IDENTITY[sdk=iphoneos*]" = "iPhone Distribution: Matthew Nedrich (DTWR74ACYK)";
				COPY_PHASE_STRIP = NO;
				DEBUG_INFORMATION_FORMAT = "dwarf-with-dsym";
				DEVELOPMENT_TEAM = DTWR74ACYK;
				ENABLE_NS_ASSERTIONS = NO;
				ENABLE_STRICT_OBJC_MSGSEND = YES;
				GCC_C_LANGUAGE_STANDARD = gnu99;
				GCC_NO_COMMON_BLOCKS = YES;
				GCC_WARN_64_TO_32_BIT_CONVERSION = YES;
				GCC_WARN_ABOUT_RETURN_TYPE = YES_ERROR;
				GCC_WARN_UNDECLARED_SELECTOR = YES;
				GCC_WARN_UNINITIALIZED_AUTOS = YES_AGGRESSIVE;
				GCC_WARN_UNUSED_FUNCTION = YES;
				GCC_WARN_UNUSED_VARIABLE = YES;
				IPHONEOS_DEPLOYMENT_TARGET = 10.1;
				MTL_ENABLE_DEBUG_INFO = NO;
				SDKROOT = iphoneos;
				SWIFT_OPTIMIZATION_LEVEL = "-Owholemodule";
				VALIDATE_PRODUCT = YES;
			};
			name = Release;
		};
		C95119601E16DDED0014C3EE /* Debug */ = {
			isa = XCBuildConfiguration;
			baseConfigurationReference = 4FA710EBE9E8584CA327D19A /* Pods-CodemashTestingDemo.debug.xcconfig */;
			buildSettings = {
				ASSETCATALOG_COMPILER_APPICON_NAME = AppIcon;
				CODE_SIGN_IDENTITY = "iPhone Developer";
				"CODE_SIGN_IDENTITY[sdk=iphoneos*]" = "iPhone Distribution";
				DEVELOPMENT_TEAM = DTWR74ACYK;
				INFOPLIST_FILE = CodemashTestingDemo/Info.plist;
				IPHONEOS_DEPLOYMENT_TARGET = 10.0;
				LD_RUNPATH_SEARCH_PATHS = "$(inherited) @executable_path/Frameworks";
				PRODUCT_BUNDLE_IDENTIFIER = "com.mattnedrich.codemash-testing-demo";
				PRODUCT_NAME = "$(TARGET_NAME)";
				PROVISIONING_PROFILE = "4c13a636-ea69-49ea-94cf-870dbf47d580";
				PROVISIONING_PROFILE_SPECIFIER = "com.mattnedrich.codemash-testing-demo AppStore";
				SWIFT_VERSION = 3.0;
			};
			name = Debug;
		};
		C95119611E16DDED0014C3EE /* Release */ = {
			isa = XCBuildConfiguration;
			baseConfigurationReference = E1A8C5CCB43E79E503B9FA31 /* Pods-CodemashTestingDemo.release.xcconfig */;
			buildSettings = {
				ASSETCATALOG_COMPILER_APPICON_NAME = AppIcon;
				CODE_SIGN_IDENTITY = "iPhone Distribution: Matthew Nedrich (DTWR74ACYK)";
				"CODE_SIGN_IDENTITY[sdk=iphoneos*]" = "iPhone Distribution: Matthew Nedrich (DTWR74ACYK)";
				DEVELOPMENT_TEAM = DTWR74ACYK;
				INFOPLIST_FILE = CodemashTestingDemo/Info.plist;
				IPHONEOS_DEPLOYMENT_TARGET = 10.0;
				LD_RUNPATH_SEARCH_PATHS = "$(inherited) @executable_path/Frameworks";
				PRODUCT_BUNDLE_IDENTIFIER = "com.mattnedrich.codemash-testing-demo";
				PRODUCT_NAME = "$(TARGET_NAME)";
				PROVISIONING_PROFILE = "4c13a636-ea69-49ea-94cf-870dbf47d580";
				PROVISIONING_PROFILE_SPECIFIER = "com.mattnedrich.codemash-testing-demo AppStore";
				SWIFT_VERSION = 3.0;
			};
			name = Release;
		};
		C95119631E16DDED0014C3EE /* Debug */ = {
			isa = XCBuildConfiguration;
			baseConfigurationReference = 5F5070CD70645E051964A071 /* Pods-CodemashTestingDemoTests.debug.xcconfig */;
			buildSettings = {
				ALWAYS_EMBED_SWIFT_STANDARD_LIBRARIES = YES;
				BUNDLE_LOADER = "$(TEST_HOST)";
				DEVELOPMENT_TEAM = 56596UD8Z8;
				INFOPLIST_FILE = CodemashTestingDemoTests/Info.plist;
				LD_RUNPATH_SEARCH_PATHS = "$(inherited) @executable_path/Frameworks @loader_path/Frameworks";
				PRODUCT_BUNDLE_IDENTIFIER = None.CodemashTestingDemoTests;
				PRODUCT_NAME = "$(TARGET_NAME)";
				SWIFT_VERSION = 3.0;
				TEST_HOST = "$(BUILT_PRODUCTS_DIR)/CodemashTestingDemo.app/CodemashTestingDemo";
			};
			name = Debug;
		};
		C95119641E16DDED0014C3EE /* Release */ = {
			isa = XCBuildConfiguration;
			baseConfigurationReference = EB36DEDA1F0CC650E051094E /* Pods-CodemashTestingDemoTests.release.xcconfig */;
			buildSettings = {
				ALWAYS_EMBED_SWIFT_STANDARD_LIBRARIES = YES;
				BUNDLE_LOADER = "$(TEST_HOST)";
				DEVELOPMENT_TEAM = 56596UD8Z8;
				INFOPLIST_FILE = CodemashTestingDemoTests/Info.plist;
				LD_RUNPATH_SEARCH_PATHS = "$(inherited) @executable_path/Frameworks @loader_path/Frameworks";
				PRODUCT_BUNDLE_IDENTIFIER = None.CodemashTestingDemoTests;
				PRODUCT_NAME = "$(TARGET_NAME)";
				SWIFT_VERSION = 3.0;
				TEST_HOST = "$(BUILT_PRODUCTS_DIR)/CodemashTestingDemo.app/CodemashTestingDemo";
			};
			name = Release;
		};
		C95119661E16DDED0014C3EE /* Debug */ = {
			isa = XCBuildConfiguration;
			baseConfigurationReference = 79170157130DD2F8129A8443 /* Pods-CodemashTestingDemoUITests.debug.xcconfig */;
			buildSettings = {
				ALWAYS_EMBED_SWIFT_STANDARD_LIBRARIES = YES;
				DEVELOPMENT_TEAM = 56596UD8Z8;
				INFOPLIST_FILE = CodemashTestingDemoUITests/Info.plist;
				LD_RUNPATH_SEARCH_PATHS = "$(inherited) @executable_path/Frameworks @loader_path/Frameworks";
				PRODUCT_BUNDLE_IDENTIFIER = None.CodemashTestingDemoUITests;
				PRODUCT_NAME = "$(TARGET_NAME)";
				SWIFT_VERSION = 3.0;
				TEST_TARGET_NAME = CodemashTestingDemo;
			};
			name = Debug;
		};
		C95119671E16DDED0014C3EE /* Release */ = {
			isa = XCBuildConfiguration;
			baseConfigurationReference = D1BD1569852B295E84924194 /* Pods-CodemashTestingDemoUITests.release.xcconfig */;
			buildSettings = {
				ALWAYS_EMBED_SWIFT_STANDARD_LIBRARIES = YES;
				DEVELOPMENT_TEAM = 56596UD8Z8;
				INFOPLIST_FILE = CodemashTestingDemoUITests/Info.plist;
				LD_RUNPATH_SEARCH_PATHS = "$(inherited) @executable_path/Frameworks @loader_path/Frameworks";
				PRODUCT_BUNDLE_IDENTIFIER = None.CodemashTestingDemoUITests;
				PRODUCT_NAME = "$(TARGET_NAME)";
				SWIFT_VERSION = 3.0;
				TEST_TARGET_NAME = CodemashTestingDemo;
			};
			name = Release;
		};
/* End XCBuildConfiguration section */

/* Begin XCConfigurationList section */
		C95119321E16DDED0014C3EE /* Build configuration list for PBXProject "CodemashTestingDemo" */ = {
			isa = XCConfigurationList;
			buildConfigurations = (
				C951195D1E16DDED0014C3EE /* Debug */,
				C951195E1E16DDED0014C3EE /* Release */,
			);
			defaultConfigurationIsVisible = 0;
			defaultConfigurationName = Release;
		};
		C951195F1E16DDED0014C3EE /* Build configuration list for PBXNativeTarget "CodemashTestingDemo" */ = {
			isa = XCConfigurationList;
			buildConfigurations = (
				C95119601E16DDED0014C3EE /* Debug */,
				C95119611E16DDED0014C3EE /* Release */,
			);
			defaultConfigurationIsVisible = 0;
			defaultConfigurationName = Release;
		};
		C95119621E16DDED0014C3EE /* Build configuration list for PBXNativeTarget "CodemashTestingDemoTests" */ = {
			isa = XCConfigurationList;
			buildConfigurations = (
				C95119631E16DDED0014C3EE /* Debug */,
				C95119641E16DDED0014C3EE /* Release */,
			);
			defaultConfigurationIsVisible = 0;
			defaultConfigurationName = Release;
		};
		C95119651E16DDED0014C3EE /* Build configuration list for PBXNativeTarget "CodemashTestingDemoUITests" */ = {
			isa = XCConfigurationList;
			buildConfigurations = (
				C95119661E16DDED0014C3EE /* Debug */,
				C95119671E16DDED0014C3EE /* Release */,
			);
			defaultConfigurationIsVisible = 0;
			defaultConfigurationName = Release;
		};
/* End XCConfigurationList section */
	};
	rootObject = C951192F1E16DDED0014C3EE /* Project object */;
}
